// !$*UTF8*$!
{
	archiveVersion = 1;
	classes = {
	};
	objectVersion = 55;
	objects = {

/* Begin PBXBuildFile section */
		21FB74812A949CCB00A85D3E /* AppDelegate.swift in Sources */ = {isa = PBXBuildFile; fileRef = 21FB74802A949CCB00A85D3E /* AppDelegate.swift */; };
		21FB74832A949CCB00A85D3E /* SceneDelegate.swift in Sources */ = {isa = PBXBuildFile; fileRef = 21FB74822A949CCB00A85D3E /* SceneDelegate.swift */; };
		21FB74852A949CCB00A85D3E /* ViewController.swift in Sources */ = {isa = PBXBuildFile; fileRef = 21FB74842A949CCB00A85D3E /* ViewController.swift */; };
		21FB74882A949CCB00A85D3E /* Main.storyboard in Resources */ = {isa = PBXBuildFile; fileRef = 21FB74862A949CCB00A85D3E /* Main.storyboard */; };
		21FB748A2A949CCD00A85D3E /* Assets.xcassets in Resources */ = {isa = PBXBuildFile; fileRef = 21FB74892A949CCD00A85D3E /* Assets.xcassets */; };
		21FB748D2A949CCD00A85D3E /* LaunchScreen.storyboard in Resources */ = {isa = PBXBuildFile; fileRef = 21FB748B2A949CCD00A85D3E /* LaunchScreen.storyboard */; };
		21FB74952A94A56100A85D3E /* Balham.otf in Resources */ = {isa = PBXBuildFile; fileRef = 21FB74942A94A56100A85D3E /* Balham.otf */; };
		21FB749C2A94DE6400A85D3E /* Question.swift in Sources */ = {isa = PBXBuildFile; fileRef = 21FB749B2A94DE6400A85D3E /* Question.swift */; };
		21FB749E2A94E56400A85D3E /* Game.swift in Sources */ = {isa = PBXBuildFile; fileRef = 21FB749D2A94E56400A85D3E /* Game.swift */; };
		21FB74A02A94E5DD00A85D3E /* QuestionManager.swift in Sources */ = {isa = PBXBuildFile; fileRef = 21FB749F2A94E5DD00A85D3E /* QuestionManager.swift */; };
/* End PBXBuildFile section */

/* Begin PBXFileReference section */
		21FB747D2A949CCA00A85D3E /* OpenQuizz.app */ = {isa = PBXFileReference; explicitFileType = wrapper.application; includeInIndex = 0; path = OpenQuizz.app; sourceTree = BUILT_PRODUCTS_DIR; };
		21FB74802A949CCB00A85D3E /* AppDelegate.swift */ = {isa = PBXFileReference; lastKnownFileType = sourcecode.swift; path = AppDelegate.swift; sourceTree = "<group>"; };
		21FB74822A949CCB00A85D3E /* SceneDelegate.swift */ = {isa = PBXFileReference; lastKnownFileType = sourcecode.swift; path = SceneDelegate.swift; sourceTree = "<group>"; };
		21FB74842A949CCB00A85D3E /* ViewController.swift */ = {isa = PBXFileReference; lastKnownFileType = sourcecode.swift; path = ViewController.swift; sourceTree = "<group>"; };
		21FB74872A949CCB00A85D3E /* Base */ = {isa = PBXFileReference; lastKnownFileType = file.storyboard; name = Base; path = Base.lproj/Main.storyboard; sourceTree = "<group>"; };
		21FB74892A949CCD00A85D3E /* Assets.xcassets */ = {isa = PBXFileReference; lastKnownFileType = folder.assetcatalog; path = Assets.xcassets; sourceTree = "<group>"; };
		21FB748C2A949CCD00A85D3E /* Base */ = {isa = PBXFileReference; lastKnownFileType = file.storyboard; name = Base; path = Base.lproj/LaunchScreen.storyboard; sourceTree = "<group>"; };
		21FB748E2A949CCD00A85D3E /* Info.plist */ = {isa = PBXFileReference; lastKnownFileType = text.plist.xml; path = Info.plist; sourceTree = "<group>"; };
		21FB74942A94A56100A85D3E /* Balham.otf */ = {isa = PBXFileReference; lastKnownFileType = file; path = Balham.otf; sourceTree = "<group>"; };
		21FB749B2A94DE6400A85D3E /* Question.swift */ = {isa = PBXFileReference; lastKnownFileType = sourcecode.swift; path = Question.swift; sourceTree = "<group>"; };
		21FB749D2A94E56400A85D3E /* Game.swift */ = {isa = PBXFileReference; lastKnownFileType = sourcecode.swift; path = Game.swift; sourceTree = "<group>"; };
		21FB749F2A94E5DD00A85D3E /* QuestionManager.swift */ = {isa = PBXFileReference; lastKnownFileType = sourcecode.swift; path = QuestionManager.swift; sourceTree = "<group>"; };
/* End PBXFileReference section */

/* Begin PBXFrameworksBuildPhase section */
		21FB747A2A949CCA00A85D3E /* Frameworks */ = {
			isa = PBXFrameworksBuildPhase;
			buildActionMask = 2147483647;
			files = (
			);
			runOnlyForDeploymentPostprocessing = 0;
		};
/* End PBXFrameworksBuildPhase section */

/* Begin PBXGroup section */
		21FB74742A949CCA00A85D3E = {
			isa = PBXGroup;
			children = (
				21FB747F2A949CCA00A85D3E /* OpenQuizz */,
				21FB747E2A949CCA00A85D3E /* Products */,
			);
			sourceTree = "<group>";
		};
		21FB747E2A949CCA00A85D3E /* Products */ = {
			isa = PBXGroup;
			children = (
				21FB747D2A949CCA00A85D3E /* OpenQuizz.app */,
			);
			name = Products;
			sourceTree = "<group>";
		};
		21FB747F2A949CCA00A85D3E /* OpenQuizz */ = {
			isa = PBXGroup;
			children = (
				21FB749A2A94B76C00A85D3E /* Supporting Files */,
				21FB74992A94B72200A85D3E /* Controller */,
				21FB74972A94B6FD00A85D3E /* View */,
				21FB74962A94B6F000A85D3E /* Model */,
			);
			path = OpenQuizz;
			sourceTree = "<group>";
		};
		21FB74962A94B6F000A85D3E /* Model */ = {
			isa = PBXGroup;
			children = (
				21FB749B2A94DE6400A85D3E /* Question.swift */,
				21FB749D2A94E56400A85D3E /* Game.swift */,
				21FB749F2A94E5DD00A85D3E /* QuestionManager.swift */,
			);
			path = Model;
			sourceTree = "<group>";
		};
		21FB74972A94B6FD00A85D3E /* View */ = {
			isa = PBXGroup;
			children = (
				21FB74862A949CCB00A85D3E /* Main.storyboard */,
			);
			path = View;
			sourceTree = "<group>";
		};
		21FB74992A94B72200A85D3E /* Controller */ = {
			isa = PBXGroup;
			children = (
				21FB74842A949CCB00A85D3E /* ViewController.swift */,
			);
			path = Controller;
			sourceTree = "<group>";
		};
		21FB749A2A94B76C00A85D3E /* Supporting Files */ = {
			isa = PBXGroup;
			children = (
				21FB74802A949CCB00A85D3E /* AppDelegate.swift */,
				21FB74822A949CCB00A85D3E /* SceneDelegate.swift */,
				21FB74942A94A56100A85D3E /* Balham.otf */,
				21FB74892A949CCD00A85D3E /* Assets.xcassets */,
				21FB748B2A949CCD00A85D3E /* LaunchScreen.storyboard */,
				21FB748E2A949CCD00A85D3E /* Info.plist */,
			);
			path = "Supporting Files";
			sourceTree = "<group>";
		};
/* End PBXGroup section */

/* Begin PBXNativeTarget section */
		21FB747C2A949CCA00A85D3E /* OpenQuizz */ = {
			isa = PBXNativeTarget;
			buildConfigurationList = 21FB74912A949CCD00A85D3E /* Build configuration list for PBXNativeTarget "OpenQuizz" */;
			buildPhases = (
				21FB74792A949CCA00A85D3E /* Sources */,
				21FB747A2A949CCA00A85D3E /* Frameworks */,
				21FB747B2A949CCA00A85D3E /* Resources */,
			);
			buildRules = (
			);
			dependencies = (
			);
			name = OpenQuizz;
			productName = OpenQuizz;
			productReference = 21FB747D2A949CCA00A85D3E /* OpenQuizz.app */;
			productType = "com.apple.product-type.application";
		};
/* End PBXNativeTarget section */

/* Begin PBXProject section */
		21FB74752A949CCA00A85D3E /* Project object */ = {
			isa = PBXProject;
			attributes = {
				BuildIndependentTargetsInParallel = 1;
				LastSwiftUpdateCheck = 1320;
				LastUpgradeCheck = 1320;
				TargetAttributes = {
					21FB747C2A949CCA00A85D3E = {
						CreatedOnToolsVersion = 13.2.1;
					};
				};
			};
			buildConfigurationList = 21FB74782A949CCA00A85D3E /* Build configuration list for PBXProject "OpenQuizz" */;
			compatibilityVersion = "Xcode 13.0";
			developmentRegion = en;
			hasScannedForEncodings = 0;
			knownRegions = (
				en,
				Base,
			);
			mainGroup = 21FB74742A949CCA00A85D3E;
			productRefGroup = 21FB747E2A949CCA00A85D3E /* Products */;
			projectDirPath = "";
			projectRoot = "";
			targets = (
				21FB747C2A949CCA00A85D3E /* OpenQuizz */,
			);
		};
/* End PBXProject section */

/* Begin PBXResourcesBuildPhase section */
		21FB747B2A949CCA00A85D3E /* Resources */ = {
			isa = PBXResourcesBuildPhase;
			buildActionMask = 2147483647;
			files = (
				21FB748D2A949CCD00A85D3E /* LaunchScreen.storyboard in Resources */,
				21FB748A2A949CCD00A85D3E /* Assets.xcassets in Resources */,
				21FB74952A94A56100A85D3E /* Balham.otf in Resources */,
				21FB74882A949CCB00A85D3E /* Main.storyboard in Resources */,
			);
			runOnlyForDeploymentPostprocessing = 0;
		};
/* End PBXResourcesBuildPhase section */

/* Begin PBXSourcesBuildPhase section */
		21FB74792A949CCA00A85D3E /* Sources */ = {
			isa = PBXSourcesBuildPhase;
			buildActionMask = 2147483647;
			files = (
				21FB74852A949CCB00A85D3E /* ViewController.swift in Sources */,
				21FB749E2A94E56400A85D3E /* Game.swift in Sources */,
				21FB749C2A94DE6400A85D3E /* Question.swift in Sources */,
				21FB74812A949CCB00A85D3E /* AppDelegate.swift in Sources */,
				21FB74832A949CCB00A85D3E /* SceneDelegate.swift in Sources */,
				21FB74A02A94E5DD00A85D3E /* QuestionManager.swift in Sources */,
			);
			runOnlyForDeploymentPostprocessing = 0;
		};
/* End PBXSourcesBuildPhase section */

/* Begin PBXVariantGroup section */
		21FB74862A949CCB00A85D3E /* Main.storyboard */ = {
			isa = PBXVariantGroup;
			children = (
				21FB74872A949CCB00A85D3E /* Base */,
			);
			name = Main.storyboard;
			sourceTree = "<group>";
		};
		21FB748B2A949CCD00A85D3E /* LaunchScreen.storyboard */ = {
			isa = PBXVariantGroup;
			children = (
				21FB748C2A949CCD00A85D3E /* Base */,
			);
			name = LaunchScreen.storyboard;
			sourceTree = "<group>";
		};
/* End PBXVariantGroup section */

/* Begin XCBuildConfiguration section */
		21FB748F2A949CCD00A85D3E /* Debug */ = {
			isa = XCBuildConfiguration;
			buildSettings = {
				ALWAYS_SEARCH_USER_PATHS = NO;
				CLANG_ANALYZER_NONNULL = YES;
				CLANG_ANALYZER_NUMBER_OBJECT_CONVERSION = YES_AGGRESSIVE;
				CLANG_CXX_LANGUAGE_STANDARD = "gnu++17";
				CLANG_CXX_LIBRARY = "libc++";
				CLANG_ENABLE_MODULES = YES;
				CLANG_ENABLE_OBJC_ARC = YES;
				CLANG_ENABLE_OBJC_WEAK = YES;
				CLANG_WARN_BLOCK_CAPTURE_AUTORELEASING = YES;
				CLANG_WARN_BOOL_CONVERSION = YES;
				CLANG_WARN_COMMA = YES;
				CLANG_WARN_CONSTANT_CONVERSION = YES;
				CLANG_WARN_DEPRECATED_OBJC_IMPLEMENTATIONS = YES;
				CLANG_WARN_DIRECT_OBJC_ISA_USAGE = YES_ERROR;
				CLANG_WARN_DOCUMENTATION_COMMENTS = YES;
				CLANG_WARN_EMPTY_BODY = YES;
				CLANG_WARN_ENUM_CONVERSION = YES;
				CLANG_WARN_INFINITE_RECURSION = YES;
				CLANG_WARN_INT_CONVERSION = YES;
				CLANG_WARN_NON_LITERAL_NULL_CONVERSION = YES;
				CLANG_WARN_OBJC_IMPLICIT_RETAIN_SELF = YES;
				CLANG_WARN_OBJC_LITERAL_CONVERSION = YES;
				CLANG_WARN_OBJC_ROOT_CLASS = YES_ERROR;
				CLANG_WARN_QUOTED_INCLUDE_IN_FRAMEWORK_HEADER = YES;
				CLANG_WARN_RANGE_LOOP_ANALYSIS = YES;
				CLANG_WARN_STRICT_PROTOTYPES = YES;
				CLANG_WARN_SUSPICIOUS_MOVE = YES;
				CLANG_WARN_UNGUARDED_AVAILABILITY = YES_AGGRESSIVE;
				CLANG_WARN_UNREACHABLE_CODE = YES;
				CLANG_WARN__DUPLICATE_METHOD_MATCH = YES;
				COPY_PHASE_STRIP = NO;
				DEBUG_INFORMATION_FORMAT = dwarf;
				ENABLE_STRICT_OBJC_MSGSEND = YES;
				ENABLE_TESTABILITY = YES;
				GCC_C_LANGUAGE_STANDARD = gnu11;
				GCC_DYNAMIC_NO_PIC = NO;
				GCC_NO_COMMON_BLOCKS = YES;
				GCC_OPTIMIZATION_LEVEL = 0;
				GCC_PREPROCESSOR_DEFINITIONS = (
					"DEBUG=1",
					"$(inherited)",
				);
				GCC_WARN_64_TO_32_BIT_CONVERSION = YES;
				GCC_WARN_ABOUT_RETURN_TYPE = YES_ERROR;
				GCC_WARN_UNDECLARED_SELECTOR = YES;
				GCC_WARN_UNINITIALIZED_AUTOS = YES_AGGRESSIVE;
				GCC_WARN_UNUSED_FUNCTION = YES;
				GCC_WARN_UNUSED_VARIABLE = YES;
				IPHONEOS_DEPLOYMENT_TARGET = 15.2;
				MTL_ENABLE_DEBUG_INFO = INCLUDE_SOURCE;
				MTL_FAST_MATH = YES;
				ONLY_ACTIVE_ARCH = YES;
				SDKROOT = iphoneos;
				SWIFT_ACTIVE_COMPILATION_CONDITIONS = DEBUG;
				SWIFT_OPTIMIZATION_LEVEL = "-Onone";
			};
			name = Debug;
		};
		21FB74902A949CCD00A85D3E /* Release */ = {
			isa = XCBuildConfiguration;
			buildSettings = {
				ALWAYS_SEARCH_USER_PATHS = NO;
				CLANG_ANALYZER_NONNULL = YES;
				CLANG_ANALYZER_NUMBER_OBJECT_CONVERSION = YES_AGGRESSIVE;
				CLANG_CXX_LANGUAGE_STANDARD = "gnu++17";
				CLANG_CXX_LIBRARY = "libc++";
				CLANG_ENABLE_MODULES = YES;
				CLANG_ENABLE_OBJC_ARC = YES;
				CLANG_ENABLE_OBJC_WEAK = YES;
				CLANG_WARN_BLOCK_CAPTURE_AUTORELEASING = YES;
				CLANG_WARN_BOOL_CONVERSION = YES;
				CLANG_WARN_COMMA = YES;
				CLANG_WARN_CONSTANT_CONVERSION = YES;
				CLANG_WARN_DEPRECATED_OBJC_IMPLEMENTATIONS = YES;
				CLANG_WARN_DIRECT_OBJC_ISA_USAGE = YES_ERROR;
				CLANG_WARN_DOCUMENTATION_COMMENTS = YES;
				CLANG_WARN_EMPTY_BODY = YES;
				CLANG_WARN_ENUM_CONVERSION = YES;
				CLANG_WARN_INFINITE_RECURSION = YES;
				CLANG_WARN_INT_CONVERSION = YES;
				CLANG_WARN_NON_LITERAL_NULL_CONVERSION = YES;
				CLANG_WARN_OBJC_IMPLICIT_RETAIN_SELF = YES;
				CLANG_WARN_OBJC_LITERAL_CONVERSION = YES;
				CLANG_WARN_OBJC_ROOT_CLASS = YES_ERROR;
				CLANG_WARN_QUOTED_INCLUDE_IN_FRAMEWORK_HEADER = YES;
				CLANG_WARN_RANGE_LOOP_ANALYSIS = YES;
				CLANG_WARN_STRICT_PROTOTYPES = YES;
				CLANG_WARN_SUSPICIOUS_MOVE = YES;
				CLANG_WARN_UNGUARDED_AVAILABILITY = YES_AGGRESSIVE;
				CLANG_WARN_UNREACHABLE_CODE = YES;
				CLANG_WARN__DUPLICATE_METHOD_MATCH = YES;
				COPY_PHASE_STRIP = NO;
				DEBUG_INFORMATION_FORMAT = "dwarf-with-dsym";
				ENABLE_NS_ASSERTIONS = NO;
				ENABLE_STRICT_OBJC_MSGSEND = YES;
				GCC_C_LANGUAGE_STANDARD = gnu11;
				GCC_NO_COMMON_BLOCKS = YES;
				GCC_WARN_64_TO_32_BIT_CONVERSION = YES;
				GCC_WARN_ABOUT_RETURN_TYPE = YES_ERROR;
				GCC_WARN_UNDECLARED_SELECTOR = YES;
				GCC_WARN_UNINITIALIZED_AUTOS = YES_AGGRESSIVE;
				GCC_WARN_UNUSED_FUNCTION = YES;
				GCC_WARN_UNUSED_VARIABLE = YES;
				IPHONEOS_DEPLOYMENT_TARGET = 15.2;
				MTL_ENABLE_DEBUG_INFO = NO;
				MTL_FAST_MATH = YES;
				SDKROOT = iphoneos;
				SWIFT_COMPILATION_MODE = wholemodule;
				SWIFT_OPTIMIZATION_LEVEL = "-O";
				VALIDATE_PRODUCT = YES;
			};
			name = Release;
		};
		21FB74922A949CCD00A85D3E /* Debug */ = {
			isa = XCBuildConfiguration;
			buildSettings = {
				ASSETCATALOG_COMPILER_APPICON_NAME = AppIcon;
				ASSETCATALOG_COMPILER_GLOBAL_ACCENT_COLOR_NAME = AccentColor;
				ASSETCATALOG_COMPILER_INCLUDE_ALL_APPICON_ASSETS = YES;
				CODE_SIGN_STYLE = Automatic;
				CURRENT_PROJECT_VERSION = 1;
				GENERATE_INFOPLIST_FILE = YES;
				INFOPLIST_FILE = OpenQuizz/Info.plist;
				INFOPLIST_KEY_UIApplicationSupportsIndirectInputEvents = YES;
				INFOPLIST_KEY_UILaunchStoryboardName = LaunchScreen;
				INFOPLIST_KEY_UIMainStoryboardFile = Main;
				INFOPLIST_KEY_UISupportedInterfaceOrientations_iPad = "UIInterfaceOrientationPortrait UIInterfaceOrientationPortraitUpsideDown UIInterfaceOrientationLandscapeLeft UIInterfaceOrientationLandscapeRight";
				INFOPLIST_KEY_UISupportedInterfaceOrientations_iPhone = "UIInterfaceOrientationPortrait UIInterfaceOrientationLandscapeLeft UIInterfaceOrientationLandscapeRight";
				LD_RUNPATH_SEARCH_PATHS = (
					"$(inherited)",
					"@executable_path/Frameworks",
				);
				MARKETING_VERSION = 1.0;
				PRODUCT_BUNDLE_IDENTIFIER = com.j2px.OpenQuizz;
				PRODUCT_NAME = "$(TARGET_NAME)";
				SWIFT_EMIT_LOC_STRINGS = YES;
				SWIFT_VERSION = 5.0;
				TARGETED_DEVICE_FAMILY = "1,2";
			};
			name = Debug;
		};
		21FB74932A949CCD00A85D3E /* Release */ = {
			isa = XCBuildConfiguration;
			buildSettings = {
				ASSETCATALOG_COMPILER_APPICON_NAME = AppIcon;
				ASSETCATALOG_COMPILER_GLOBAL_ACCENT_COLOR_NAME = AccentColor;
				ASSETCATALOG_COMPILER_INCLUDE_ALL_APPICON_ASSETS = YES;
				CODE_SIGN_STYLE = Automatic;
				CURRENT_PROJECT_VERSION = 1;
				GENERATE_INFOPLIST_FILE = YES;
				INFOPLIST_FILE = OpenQuizz/Info.plist;
				INFOPLIST_KEY_UIApplicationSupportsIndirectInputEvents = YES;
				INFOPLIST_KEY_UILaunchStoryboardName = LaunchScreen;
				INFOPLIST_KEY_UIMainStoryboardFile = Main;
				INFOPLIST_KEY_UISupportedInterfaceOrientations_iPad = "UIInterfaceOrientationPortrait UIInterfaceOrientationPortraitUpsideDown UIInterfaceOrientationLandscapeLeft UIInterfaceOrientationLandscapeRight";
				INFOPLIST_KEY_UISupportedInterfaceOrientations_iPhone = "UIInterfaceOrientationPortrait UIInterfaceOrientationLandscapeLeft UIInterfaceOrientationLandscapeRight";
				LD_RUNPATH_SEARCH_PATHS = (
					"$(inherited)",
					"@executable_path/Frameworks",
				);
				MARKETING_VERSION = 1.0;
				PRODUCT_BUNDLE_IDENTIFIER = com.j2px.OpenQuizz;
				PRODUCT_NAME = "$(TARGET_NAME)";
				SWIFT_EMIT_LOC_STRINGS = YES;
				SWIFT_VERSION = 5.0;
				TARGETED_DEVICE_FAMILY = "1,2";
			};
			name = Release;
		};
/* End XCBuildConfiguration section */

/* Begin XCConfigurationList section */
		21FB74782A949CCA00A85D3E /* Build configuration list for PBXProject "OpenQuizz" */ = {
			isa = XCConfigurationList;
			buildConfigurations = (
				21FB748F2A949CCD00A85D3E /* Debug */,
				21FB74902A949CCD00A85D3E /* Release */,
			);
			defaultConfigurationIsVisible = 0;
			defaultConfigurationName = Release;
		};
		21FB74912A949CCD00A85D3E /* Build configuration list for PBXNativeTarget "OpenQuizz" */ = {
			isa = XCConfigurationList;
			buildConfigurations = (
				21FB74922A949CCD00A85D3E /* Debug */,
				21FB74932A949CCD00A85D3E /* Release */,
			);
			defaultConfigurationIsVisible = 0;
			defaultConfigurationName = Release;
		};
/* End XCConfigurationList section */
	};
	rootObject = 21FB74752A949CCA00A85D3E /* Project object */;
}
